
Microsoft Visual Studio Solution File, Format Version 12.00
# Visual Studio Version 17
VisualStudioVersion = 17.9.34728.123
MinimumVisualStudioVersion = 10.0.40219.1
Project("{FAE04EC0-301F-11D3-BF4B-00C04F79EFBC}") = "open_ai_basic", "open_ai_basic\open_ai_basic.csproj", "{06D79DDC-6A58-4A94-9A58-9581D0575078}"
EndProject
Global
	GlobalSection(SolutionConfigurationPlatforms) = preSolution
		Debug|Any CPU = Debug|Any CPU
		Release|Any CPU = Release|Any CPU
	EndGlobalSection
	GlobalSection(ProjectConfigurationPlatforms) = postSolution
		{06D79DDC-6A58-4A94-9A58-9581D0575078}.Debug|Any CPU.ActiveCfg = Debug|Any CPU
		{06D79DDC-6A58-4A94-9A58-9581D0575078}.Debug|Any CPU.Build.0 = Debug|Any CPU
		{06D79DDC-6A58-4A94-9A58-9581D0575078}.Release|Any CPU.ActiveCfg = Release|Any CPU
		{06D79DDC-6A58-4A94-9A58-9581D0575078}.Release|Any CPU.Build.0 = Release|Any CPU
	EndGlobalSection
	GlobalSection(SolutionProperties) = preSolution
		HideSolutionNode = FALSE
	EndGlobalSection
	GlobalSection(ExtensibilityGlobals) = postSolution
		SolutionGuid = {117AE893-B113-4404-B2DF-E926BA55B452}
	EndGlobalSection
EndGlobal
